
Microsoft Visual Studio Solution File, Format Version 12.00
# Visual Studio Version 17
VisualStudioVersion = 17.7.34221.43
MinimumVisualStudioVersion = 10.0.40219.1
Project("{FAE04EC0-301F-11D3-BF4B-00C04F79EFBC}") = "ExperimentThereCanBeOnlyOne", "ExperimentThereCanBeOnlyOne\ExperimentThereCanBeOnlyOne.csproj", "{23D6673C-62F2-4F8A-9A3C-EDFBE48AAF1A}"
EndProject
Global
	GlobalSection(SolutionConfigurationPlatforms) = preSolution
		Debug|Any CPU = Debug|Any CPU
		Release|Any CPU = Release|Any CPU
	EndGlobalSection
	GlobalSection(ProjectConfigurationPlatforms) = postSolution
		{23D6673C-62F2-4F8A-9A3C-EDFBE48AAF1A}.Debug|Any CPU.ActiveCfg = Debug|Any CPU
		{23D6673C-62F2-4F8A-9A3C-EDFBE48AAF1A}.Debug|Any CPU.Build.0 = Debug|Any CPU
		{23D6673C-62F2-4F8A-9A3C-EDFBE48AAF1A}.Release|Any CPU.ActiveCfg = Release|Any CPU
		{23D6673C-62F2-4F8A-9A3C-EDFBE48AAF1A}.Release|Any CPU.Build.0 = Release|Any CPU
	EndGlobalSection
	GlobalSection(SolutionProperties) = preSolution
		HideSolutionNode = FALSE
	EndGlobalSection
	GlobalSection(ExtensibilityGlobals) = postSolution
		SolutionGuid = {D72C5852-E552-420C-8BFD-01FD2DC2E55C}
	EndGlobalSection
EndGlobal
